
Microsoft Visual Studio Solution File, Format Version 12.00
# Visual Studio Version 17
VisualStudioVersion = 17.7.34024.191
MinimumVisualStudioVersion = 10.0.40219.1
Project("{9A19103F-16F7-4668-BE54-9A1E7A4F7556}") = "RoundedShape2", "RoundedShape2\RoundedShape2.csproj", "{2F04FD45-5A33-404D-827D-87B61F751C98}"
EndProject
Global
	GlobalSection(SolutionConfigurationPlatforms) = preSolution
		Debug|Any CPU = Debug|Any CPU
		Release|Any CPU = Release|Any CPU
	EndGlobalSection
	GlobalSection(ProjectConfigurationPlatforms) = postSolution
		{2F04FD45-5A33-404D-827D-87B61F751C98}.Debug|Any CPU.ActiveCfg = Debug|Any CPU
		{2F04FD45-5A33-404D-827D-87B61F751C98}.Debug|Any CPU.Build.0 = Debug|Any CPU
		{2F04FD45-5A33-404D-827D-87B61F751C98}.Release|Any CPU.ActiveCfg = Release|Any CPU
		{2F04FD45-5A33-404D-827D-87B61F751C98}.Release|Any CPU.Build.0 = Release|Any CPU
	EndGlobalSection
	GlobalSection(SolutionProperties) = preSolution
		HideSolutionNode = FALSE
	EndGlobalSection
	GlobalSection(ExtensibilityGlobals) = postSolution
		SolutionGuid = {1AF0906A-47F4-4F3A-93BA-353BE38C2066}
	EndGlobalSection
EndGlobal
